
Microsoft Visual Studio Solution File, Format Version 12.00
# Visual Studio Version 17
VisualStudioVersion = 17.13.35931.197 d17.13
MinimumVisualStudioVersion = 10.0.40219.1
Project("{888888A0-9F3D-457C-B088-3A5042F75D52}") = "Qualification Work", "Qualification Work\Qualification Work.pyproj", "{ABAE045C-45C3-425C-BC1D-D8BCBB2F1972}"
EndProject
Global
	GlobalSection(SolutionConfigurationPlatforms) = preSolution
		Debug|Any CPU = Debug|Any CPU
		Release|Any CPU = Release|Any CPU
	EndGlobalSection
	GlobalSection(ProjectConfigurationPlatforms) = postSolution
		{ABAE045C-45C3-425C-BC1D-D8BCBB2F1972}.Debug|Any CPU.ActiveCfg = Debug|Any CPU
		{ABAE045C-45C3-425C-BC1D-D8BCBB2F1972}.Release|Any CPU.ActiveCfg = Release|Any CPU
	EndGlobalSection
	GlobalSection(SolutionProperties) = preSolution
		HideSolutionNode = FALSE
	EndGlobalSection
	GlobalSection(ExtensibilityGlobals) = postSolution
		SolutionGuid = {69747038-7F13-4BF6-A90F-BA3A65CD877D}
	EndGlobalSection
EndGlobal
